{
  "version": 1,
  "dependencies": {
    "net10.0-windows7.0": {
      "DalamudPackager": {
        "type": "Direct",
        "requested": "[14.0.1, )",
        "resolved": "14.0.1",
        "contentHash": "y0WWyUE6dhpGdolK3iKgwys05/nZaVf4ZPtIjpLhJBZvHxkkiE23zYRo7K7uqAgoK/QvK5cqF6l3VG5AbgC6KA=="
      },
      "DotNet.ReproducibleBuilds": {
        "type": "Direct",
        "requested": "[1.2.39, )",
        "resolved": "1.2.39",
        "contentHash": "fcFN01tDTIQqDuTwr1jUQK/geofiwjG5DycJQOnC72i1SsLAk1ELe+apBOuZ11UMQG8YKFZG1FgvjZPbqHyatg=="
      },
      "ECommons": {
        "type": "Direct",
        "requested": "[3.1.0.29, )",
        "resolved": "3.1.0.29",
        "contentHash": "BFntZNmab1tbfIAc4l4sqVBZtecp4yJ7TtbKCZzLRXSaf4wy0xhTknMlCoJYZX15NqeoL7PK1wIjnJK8Wg9m9g=="
      },
      "ImGuiColorTextEditNetDalamud": {
        "type": "Direct",
        "requested": "[1.1.0, )",
        "resolved": "1.1.0",
        "contentHash": "EEuXtbYfcdx88MSC5I6NR+ye6zCPiYXQHF0q9m3bayawhObb3waXvqE8RneerTgenMbfbjjTbTznlS2h3K+pDQ=="
      },
      "Microsoft.Extensions.DependencyInjection": {
        "type": "Direct",
        "requested": "[9.0.8, )",
        "resolved": "9.0.8",
        "contentHash": "JJjI2Fa+QtZcUyuNjbKn04OjIUX5IgFGFu/Xc+qvzh1rXdZHLcnqqVXhR4093bGirTwacRlHiVg1XYI9xum6QQ==",
        "dependencies": {
          "Microsoft.Extensions.DependencyInjection.Abstractions": "9.0.8"
        }
      },
      "NLua": {
        "type": "Direct",
        "requested": "[1.7.5, )",
        "resolved": "1.7.5",
        "contentHash": "ACDMZiuJxQWw3rMeP7nPIIOid5fv2Bp66XKr7q1+vJdfcr9AZ8NRqoKOAf0ZsZGBUODEZhEbwliuwgo0T0s2XA==",
        "dependencies": {
          "KeraLua": "1.4.4"
        }
      },
      "Scrutor": {
        "type": "Direct",
        "requested": "[6.1.0, )",
        "resolved": "6.1.0",
        "contentHash": "m4+0RdgnX+jeiaqteq9x5SwEtuCjWG0KTw1jBjCzn7V8mCanXKoeF8+59E0fcoRbAjdEq6YqHFCmxZ49Kvqp3g==",
        "dependencies": {
          "Microsoft.Extensions.DependencyInjection.Abstractions": "8.0.1",
          "Microsoft.Extensions.DependencyModel": "8.0.2"
        }
      },
      "YamlDotNet": {
        "type": "Direct",
        "requested": "[16.3.0, )",
        "resolved": "16.3.0",
        "contentHash": "SgMOdxbz8X65z8hraIs6hOEdnkH6hESTAIUa7viEngHOYaH+6q5XJmwr1+yb9vJpNQ19hCQY69xbFsLtXpobQA=="
      },
      "KeraLua": {
        "type": "Transitive",
        "resolved": "1.4.4",
        "contentHash": "JsTqvTtHP9DzBK0EigywkQ/EwOHBGgBrk+vtgIqSKHWFGKkR1uIXmt8woDOG8cnprg/8uhS5YRmdCjjlyd15WQ=="
      },
      "Microsoft.Extensions.DependencyInjection.Abstractions": {
        "type": "Transitive",
        "resolved": "9.0.8",
        "contentHash": "xY3lTjj4+ZYmiKIkyWitddrp1uL5uYiweQjqo4BKBw01ZC4HhcfgLghDpPZcUlppgWAFqFy9SgkiYWOMx365pw=="
      },
      "Microsoft.Extensions.DependencyModel": {
        "type": "Transitive",
        "resolved": "8.0.2",
        "contentHash": "mUBDZZRgZrSyFOsJ2qJJ9fXfqd/kXJwf3AiDoqLD9m6TjY5OO/vLNOb9fb4juC0487eq4hcGN/M2Rh/CKS7QYw=="
      },
      "autoretainerapi": {
        "type": "Project",
        "dependencies": {
          "ECommons": "[3.1.0.29, )"
        }
      }
    }
  }
}